lockfileVersion: 5.3

specifiers:
  '@cloudflare/workers-types': 2.2.2
  esbuild: 0.11.20
  prettier: 2.3.0
  telegram-typings: 5.0.0
  typescript: 4.2.4

devDependencies:
  '@cloudflare/workers-types': 2.2.2
  esbuild: 0.11.20
  prettier: 2.3.0
  telegram-typings: 5.0.0
  typescript: 4.2.4

packages:

  /@cloudflare/workers-types/2.2.2:
    resolution: {integrity: sha512-kaMn2rueJ0PL1TYVGknTCh0X0x0d9G+FNXAFep7/4uqecEZoQb/63o6rOmMuiqI09zLuHV6xhKRXinokV/MY9A==}
    dev: true

  /esbuild/0.11.20:
    resolution: {integrity: sha512-QOZrVpN/Yz74xfat0H6euSgn3RnwLevY1mJTEXneukz1ln9qB+ieaerRMzSeETpz/UJWsBMzRVR/andBht5WKw==}
    hasBin: true
    requiresBuild: true
    dev: true

  /prettier/2.3.0:
    resolution: {integrity: sha512-kXtO4s0Lz/DW/IJ9QdWhAf7/NmPWQXkFr/r/WkR3vyI+0v8amTDxiaQSLzs8NBlytfLWX/7uQUMIW677yLKl4w==}
    engines: {node: '>=10.13.0'}
    hasBin: true
    dev: true

  /telegram-typings/5.0.0:
    resolution: {integrity: sha512-3xmQ9D87wEdMYUgzTekEP4hEPJz9lIW0tnumrbkH1Tfwt5e7ZMy5ZiUpGnjnQOpZTItrdeEeavRGLRvXepO35w==}
    dev: true

  /typescript/4.2.4:
    resolution: {integrity: sha512-V+evlYHZnQkaz8TRBuxTA92yZBPotr5H+WhQ7bD3hZUndx5tGOa1fuCgeSjxAzM1RiN5IzvadIXTVefuuwZCRg==}
    engines: {node: '>=4.2.0'}
    hasBin: true
    dev: true
